
Microsoft Visual Studio Solution File, Format Version 12.00
# Visual Studio Version 17
VisualStudioVersion = 17.8.34309.116
MinimumVisualStudioVersion = 10.0.40219.1
Project("{FAE04EC0-301F-11D3-BF4B-00C04F79EFBC}") = "desafio1", "desafio1\desafio1.csproj", "{86C0001C-0BB5-4417-A8FC-B390B2A18B55}"
EndProject
Global
	GlobalSection(SolutionConfigurationPlatforms) = preSolution
		Debug|Any CPU = Debug|Any CPU
		Release|Any CPU = Release|Any CPU
	EndGlobalSection
	GlobalSection(ProjectConfigurationPlatforms) = postSolution
		{86C0001C-0BB5-4417-A8FC-B390B2A18B55}.Debug|Any CPU.ActiveCfg = Debug|Any CPU
		{86C0001C-0BB5-4417-A8FC-B390B2A18B55}.Debug|Any CPU.Build.0 = Debug|Any CPU
		{86C0001C-0BB5-4417-A8FC-B390B2A18B55}.Release|Any CPU.ActiveCfg = Release|Any CPU
		{86C0001C-0BB5-4417-A8FC-B390B2A18B55}.Release|Any CPU.Build.0 = Release|Any CPU
	EndGlobalSection
	GlobalSection(SolutionProperties) = preSolution
		HideSolutionNode = FALSE
	EndGlobalSection
	GlobalSection(ExtensibilityGlobals) = postSolution
		SolutionGuid = {A9ED1777-C59B-406A-81C5-796D04E56A24}
	EndGlobalSection
EndGlobal
